
Microsoft Visual Studio Solution File, Format Version 12.00
# Visual Studio 15
Project("{FAE04EC0-301F-11D3-BF4B-00C04F79EFBC}") = "Assembly-CSharp", "Assembly-CSharp.csproj", "{ED2A1BEB-8019-6A82-454A-D2922A11F786}"
EndProject
Project("{FAE04EC0-301F-11D3-BF4B-00C04F79EFBC}") = "Assembly-CSharp-firstpass", "Assembly-CSharp-firstpass.csproj", "{3641381B-2458-A1A9-92D8-EA28A52C0BAF}"
EndProject
Project("{FAE04EC0-301F-11D3-BF4B-00C04F79EFBC}") = "Assembly-CSharp-Editor", "Assembly-CSharp-Editor.csproj", "{7EB97334-925F-EBC4-0627-3BA0891FABDB}"
EndProject
Global
	GlobalSection(SolutionConfigurationPlatforms) = preSolution
		Debug|Any CPU = Debug|Any CPU
		Release|Any CPU = Release|Any CPU
	EndGlobalSection
	GlobalSection(ProjectConfigurationPlatforms) = postSolution
		{ED2A1BEB-8019-6A82-454A-D2922A11F786}.Debug|Any CPU.ActiveCfg = Debug|Any CPU
		{ED2A1BEB-8019-6A82-454A-D2922A11F786}.Debug|Any CPU.Build.0 = Debug|Any CPU
		{ED2A1BEB-8019-6A82-454A-D2922A11F786}.Release|Any CPU.ActiveCfg = Release|Any CPU
		{ED2A1BEB-8019-6A82-454A-D2922A11F786}.Release|Any CPU.Build.0 = Release|Any CPU
		{3641381B-2458-A1A9-92D8-EA28A52C0BAF}.Debug|Any CPU.ActiveCfg = Debug|Any CPU
		{3641381B-2458-A1A9-92D8-EA28A52C0BAF}.Debug|Any CPU.Build.0 = Debug|Any CPU
		{3641381B-2458-A1A9-92D8-EA28A52C0BAF}.Release|Any CPU.ActiveCfg = Release|Any CPU
		{3641381B-2458-A1A9-92D8-EA28A52C0BAF}.Release|Any CPU.Build.0 = Release|Any CPU
		{7EB97334-925F-EBC4-0627-3BA0891FABDB}.Debug|Any CPU.ActiveCfg = Debug|Any CPU
		{7EB97334-925F-EBC4-0627-3BA0891FABDB}.Debug|Any CPU.Build.0 = Debug|Any CPU
		{7EB97334-925F-EBC4-0627-3BA0891FABDB}.Release|Any CPU.ActiveCfg = Release|Any CPU
		{7EB97334-925F-EBC4-0627-3BA0891FABDB}.Release|Any CPU.Build.0 = Release|Any CPU
	EndGlobalSection
	GlobalSection(SolutionProperties) = preSolution
		HideSolutionNode = FALSE
	EndGlobalSection
EndGlobal
